
Microsoft Visual Studio Solution File, Format Version 12.00
# Visual Studio 15
VisualStudioVersion = 15.0.26730.12
MinimumVisualStudioVersion = 10.0.40219.1
Project("{FAE04EC0-301F-11D3-BF4B-00C04F79EFBC}") = "BetterPasswordValidator", "BetterPasswordValidator\BetterPasswordValidator.csproj", "{BD1DB3B6-6129-4938-A273-DED077E9DFE3}"
EndProject
Global
	GlobalSection(SolutionConfigurationPlatforms) = preSolution
		Debug|Any CPU = Debug|Any CPU
		Release|Any CPU = Release|Any CPU
	EndGlobalSection
	GlobalSection(ProjectConfigurationPlatforms) = postSolution
		{BD1DB3B6-6129-4938-A273-DED077E9DFE3}.Debug|Any CPU.ActiveCfg = Debug|Any CPU
		{BD1DB3B6-6129-4938-A273-DED077E9DFE3}.Debug|Any CPU.Build.0 = Debug|Any CPU
		{BD1DB3B6-6129-4938-A273-DED077E9DFE3}.Release|Any CPU.ActiveCfg = Release|Any CPU
		{BD1DB3B6-6129-4938-A273-DED077E9DFE3}.Release|Any CPU.Build.0 = Release|Any CPU
	EndGlobalSection
	GlobalSection(SolutionProperties) = preSolution
		HideSolutionNode = FALSE
	EndGlobalSection
	GlobalSection(ExtensibilityGlobals) = postSolution
		SolutionGuid = {698209E2-25BF-4244-9506-CF99846B30FB}
	EndGlobalSection
EndGlobal
